// !$*UTF8*$!
{
	archiveVersion = 1;
	classes = {
	};
	objectVersion = 56;
	objects = {

/* Begin PBXBuildFile section */
		A0E328C32CDB3E7F00E5EEB3 /* AppDelegate.m in Sources */ = {isa = PBXBuildFile; fileRef = A0E328C22CDB3E7F00E5EEB3 /* AppDelegate.m */; };
		A0E328C62CDB3E7F00E5EEB3 /* SceneDelegate.m in Sources */ = {isa = PBXBuildFile; fileRef = A0E328C52CDB3E7F00E5EEB3 /* SceneDelegate.m */; };
		A0E328C92CDB3E7F00E5EEB3 /* ViewController.m in Sources */ = {isa = PBXBuildFile; fileRef = A0E328C82CDB3E7F00E5EEB3 /* ViewController.m */; };
		A0E328CC2CDB3E7F00E5EEB3 /* Main.storyboard in Resources */ = {isa = PBXBuildFile; fileRef = A0E328CA2CDB3E7F00E5EEB3 /* Main.storyboard */; };
		A0E328CF2CDB3E7F00E5EEB3 /* IOSInterViewApp.xcdatamodeld in Sources */ = {isa = PBXBuildFile; fileRef = A0E328CD2CDB3E7F00E5EEB3 /* IOSInterViewApp.xcdatamodeld */; };
		A0E328D12CDB3E7F00E5EEB3 /* Assets.xcassets in Resources */ = {isa = PBXBuildFile; fileRef = A0E328D02CDB3E7F00E5EEB3 /* Assets.xcassets */; };
		A0E328D42CDB3E7F00E5EEB3 /* LaunchScreen.storyboard in Resources */ = {isa = PBXBuildFile; fileRef = A0E328D22CDB3E7F00E5EEB3 /* LaunchScreen.storyboard */; };
		A0E328D72CDB3E7F00E5EEB3 /* main.m in Sources */ = {isa = PBXBuildFile; fileRef = A0E328D62CDB3E7F00E5EEB3 /* main.m */; };
		A0E328E12CDB3E8000E5EEB3 /* IOSInterViewAppTests.m in Sources */ = {isa = PBXBuildFile; fileRef = A0E328E02CDB3E8000E5EEB3 /* IOSInterViewAppTests.m */; };
		A0E328EB2CDB3E8000E5EEB3 /* IOSInterViewAppUITests.m in Sources */ = {isa = PBXBuildFile; fileRef = A0E328EA2CDB3E8000E5EEB3 /* IOSInterViewAppUITests.m */; };
		A0E328ED2CDB3E8000E5EEB3 /* IOSInterViewAppUITestsLaunchTests.m in Sources */ = {isa = PBXBuildFile; fileRef = A0E328EC2CDB3E8000E5EEB3 /* IOSInterViewAppUITestsLaunchTests.m */; };
		A0E329012CFE8C2C00E5EEB3 /* MVCDemoModel.m in Sources */ = {isa = PBXBuildFile; fileRef = A0E329002CFE8C2C00E5EEB3 /* MVCDemoModel.m */; };
		A0E329052CFE8C5D00E5EEB3 /* MVCViewController.m in Sources */ = {isa = PBXBuildFile; fileRef = A0E329042CFE8C5D00E5EEB3 /* MVCViewController.m */; };
		A0E3290E2CFE8DE200E5EEB3 /* MVCTableViewCell.m in Sources */ = {isa = PBXBuildFile; fileRef = A0E3290D2CFE8DE200E5EEB3 /* MVCTableViewCell.m */; };
		A0E329172CFECAF400E5EEB3 /* iOS实际的MVC.jpg in Resources */ = {isa = PBXBuildFile; fileRef = A0E329162CFECAF400E5EEB3 /* iOS实际的MVC.jpg */; };
		A0E329192CFECB0C00E5EEB3 /* 传统的MVC.jpg in Resources */ = {isa = PBXBuildFile; fileRef = A0E329182CFECB0C00E5EEB3 /* 传统的MVC.jpg */; };
		A0E329212CFEE88B00E5EEB3 /* UserModel.m in Sources */ = {isa = PBXBuildFile; fileRef = A0E329202CFEE88B00E5EEB3 /* UserModel.m */; };
		A0E329252CFEEA7C00E5EEB3 /* UserViewController.m in Sources */ = {isa = PBXBuildFile; fileRef = A0E329242CFEEA7C00E5EEB3 /* UserViewController.m */; };
		A0E329282CFEECFE00E5EEB3 /* UserPresenter.m in Sources */ = {isa = PBXBuildFile; fileRef = A0E329272CFEECFE00E5EEB3 /* UserPresenter.m */; };
		A0E3292C2CFF08F400E5EEB3 /* MVPDemoModel.m in Sources */ = {isa = PBXBuildFile; fileRef = A0E3292B2CFF08F400E5EEB3 /* MVPDemoModel.m */; };
		A0E3292F2CFF09A200E5EEB3 /* MVPTableViewCell.m in Sources */ = {isa = PBXBuildFile; fileRef = A0E3292E2CFF09A200E5EEB3 /* MVPTableViewCell.m */; };
		A0E329322CFF09C200E5EEB3 /* MVPViewController.m in Sources */ = {isa = PBXBuildFile; fileRef = A0E329312CFF09C200E5EEB3 /* MVPViewController.m */; };
		A0E329352CFF09D900E5EEB3 /* MVPPresenter.m in Sources */ = {isa = PBXBuildFile; fileRef = A0E329342CFF09D900E5EEB3 /* MVPPresenter.m */; };
/* End PBXBuildFile section */

/* Begin PBXContainerItemProxy section */
		A0E328DD2CDB3E8000E5EEB3 /* PBXContainerItemProxy */ = {
			isa = PBXContainerItemProxy;
			containerPortal = A0E328B62CDB3E7F00E5EEB3 /* Project object */;
			proxyType = 1;
			remoteGlobalIDString = A0E328BD2CDB3E7F00E5EEB3;
			remoteInfo = IOSInterViewApp;
		};
		A0E328E72CDB3E8000E5EEB3 /* PBXContainerItemProxy */ = {
			isa = PBXContainerItemProxy;
			containerPortal = A0E328B62CDB3E7F00E5EEB3 /* Project object */;
			proxyType = 1;
			remoteGlobalIDString = A0E328BD2CDB3E7F00E5EEB3;
			remoteInfo = IOSInterViewApp;
		};
/* End PBXContainerItemProxy section */

/* Begin PBXFileReference section */
		A0E328BE2CDB3E7F00E5EEB3 /* IOSInterViewApp.app */ = {isa = PBXFileReference; explicitFileType = wrapper.application; includeInIndex = 0; path = IOSInterViewApp.app; sourceTree = BUILT_PRODUCTS_DIR; };
		A0E328C12CDB3E7F00E5EEB3 /* AppDelegate.h */ = {isa = PBXFileReference; lastKnownFileType = sourcecode.c.h; path = AppDelegate.h; sourceTree = "<group>"; };
		A0E328C22CDB3E7F00E5EEB3 /* AppDelegate.m */ = {isa = PBXFileReference; lastKnownFileType = sourcecode.c.objc; path = AppDelegate.m; sourceTree = "<group>"; };
		A0E328C42CDB3E7F00E5EEB3 /* SceneDelegate.h */ = {isa = PBXFileReference; lastKnownFileType = sourcecode.c.h; path = SceneDelegate.h; sourceTree = "<group>"; };
		A0E328C52CDB3E7F00E5EEB3 /* SceneDelegate.m */ = {isa = PBXFileReference; lastKnownFileType = sourcecode.c.objc; path = SceneDelegate.m; sourceTree = "<group>"; };
		A0E328C72CDB3E7F00E5EEB3 /* ViewController.h */ = {isa = PBXFileReference; lastKnownFileType = sourcecode.c.h; path = ViewController.h; sourceTree = "<group>"; };
		A0E328C82CDB3E7F00E5EEB3 /* ViewController.m */ = {isa = PBXFileReference; lastKnownFileType = sourcecode.c.objc; path = ViewController.m; sourceTree = "<group>"; };
		A0E328CB2CDB3E7F00E5EEB3 /* Base */ = {isa = PBXFileReference; lastKnownFileType = file.storyboard; name = Base; path = Base.lproj/Main.storyboard; sourceTree = "<group>"; };
		A0E328CE2CDB3E7F00E5EEB3 /* IOSInterViewApp.xcdatamodel */ = {isa = PBXFileReference; lastKnownFileType = wrapper.xcdatamodel; path = IOSInterViewApp.xcdatamodel; sourceTree = "<group>"; };
		A0E328D02CDB3E7F00E5EEB3 /* Assets.xcassets */ = {isa = PBXFileReference; lastKnownFileType = folder.assetcatalog; path = Assets.xcassets; sourceTree = "<group>"; };
		A0E328D32CDB3E7F00E5EEB3 /* Base */ = {isa = PBXFileReference; lastKnownFileType = file.storyboard; name = Base; path = Base.lproj/LaunchScreen.storyboard; sourceTree = "<group>"; };
		A0E328D52CDB3E7F00E5EEB3 /* Info.plist */ = {isa = PBXFileReference; lastKnownFileType = text.plist.xml; path = Info.plist; sourceTree = "<group>"; };
		A0E328D62CDB3E7F00E5EEB3 /* main.m */ = {isa = PBXFileReference; lastKnownFileType = sourcecode.c.objc; path = main.m; sourceTree = "<group>"; };
		A0E328DC2CDB3E8000E5EEB3 /* IOSInterViewAppTests.xctest */ = {isa = PBXFileReference; explicitFileType = wrapper.cfbundle; includeInIndex = 0; path = IOSInterViewAppTests.xctest; sourceTree = BUILT_PRODUCTS_DIR; };
		A0E328E02CDB3E8000E5EEB3 /* IOSInterViewAppTests.m */ = {isa = PBXFileReference; lastKnownFileType = sourcecode.c.objc; path = IOSInterViewAppTests.m; sourceTree = "<group>"; };
		A0E328E62CDB3E8000E5EEB3 /* IOSInterViewAppUITests.xctest */ = {isa = PBXFileReference; explicitFileType = wrapper.cfbundle; includeInIndex = 0; path = IOSInterViewAppUITests.xctest; sourceTree = BUILT_PRODUCTS_DIR; };
		A0E328EA2CDB3E8000E5EEB3 /* IOSInterViewAppUITests.m */ = {isa = PBXFileReference; lastKnownFileType = sourcecode.c.objc; path = IOSInterViewAppUITests.m; sourceTree = "<group>"; };
		A0E328EC2CDB3E8000E5EEB3 /* IOSInterViewAppUITestsLaunchTests.m */ = {isa = PBXFileReference; lastKnownFileType = sourcecode.c.objc; path = IOSInterViewAppUITestsLaunchTests.m; sourceTree = "<group>"; };
		A0E328FD2CDB3FBA00E5EEB3 /* git基础知识.md */ = {isa = PBXFileReference; lastKnownFileType = net.daringfireball.markdown; path = "git基础知识.md"; sourceTree = "<group>"; };
		A0E329002CFE8C2C00E5EEB3 /* MVCDemoModel.m */ = {isa = PBXFileReference; lastKnownFileType = sourcecode.c.objc; path = MVCDemoModel.m; sourceTree = "<group>"; };
		A0E329022CFE8C4700E5EEB3 /* MVCDemoModel.h */ = {isa = PBXFileReference; lastKnownFileType = sourcecode.c.h; path = MVCDemoModel.h; sourceTree = "<group>"; };
		A0E329032CFE8C5D00E5EEB3 /* MVCViewController.h */ = {isa = PBXFileReference; lastKnownFileType = sourcecode.c.h; path = MVCViewController.h; sourceTree = "<group>"; };
		A0E329042CFE8C5D00E5EEB3 /* MVCViewController.m */ = {isa = PBXFileReference; lastKnownFileType = sourcecode.c.objc; path = MVCViewController.m; sourceTree = "<group>"; };
		A0E3290C2CFE8DE200E5EEB3 /* MVCTableViewCell.h */ = {isa = PBXFileReference; lastKnownFileType = sourcecode.c.h; path = MVCTableViewCell.h; sourceTree = "<group>"; };
		A0E3290D2CFE8DE200E5EEB3 /* MVCTableViewCell.m */ = {isa = PBXFileReference; lastKnownFileType = sourcecode.c.objc; path = MVCTableViewCell.m; sourceTree = "<group>"; };
		A0E329122CFEC33C00E5EEB3 /* MVC.readme.md */ = {isa = PBXFileReference; lastKnownFileType = net.daringfireball.markdown; path = MVC.readme.md; sourceTree = "<group>"; };
		A0E329162CFECAF400E5EEB3 /* iOS实际的MVC.jpg */ = {isa = PBXFileReference; lastKnownFileType = image.jpeg; path = "iOS实际的MVC.jpg"; sourceTree = "<group>"; };
		A0E329182CFECB0C00E5EEB3 /* 传统的MVC.jpg */ = {isa = PBXFileReference; lastKnownFileType = image.jpeg; path = "传统的MVC.jpg"; sourceTree = "<group>"; };
		A0E3291B2CFECF5F00E5EEB3 /* MVP.readme.md */ = {isa = PBXFileReference; lastKnownFileType = net.daringfireball.markdown; path = MVP.readme.md; sourceTree = "<group>"; };
		A0E3291F2CFEE88B00E5EEB3 /* UserModel.h */ = {isa = PBXFileReference; lastKnownFileType = sourcecode.c.h; path = UserModel.h; sourceTree = "<group>"; };
		A0E329202CFEE88B00E5EEB3 /* UserModel.m */ = {isa = PBXFileReference; lastKnownFileType = sourcecode.c.objc; path = UserModel.m; sourceTree = "<group>"; };
		A0E329232CFEEA7C00E5EEB3 /* UserViewController.h */ = {isa = PBXFileReference; lastKnownFileType = sourcecode.c.h; path = UserViewController.h; sourceTree = "<group>"; };
		A0E329242CFEEA7C00E5EEB3 /* UserViewController.m */ = {isa = PBXFileReference; lastKnownFileType = sourcecode.c.objc; path = UserViewController.m; sourceTree = "<group>"; };
		A0E329262CFEECFE00E5EEB3 /* UserPresenter.h */ = {isa = PBXFileReference; lastKnownFileType = sourcecode.c.h; path = UserPresenter.h; sourceTree = "<group>"; };
		A0E329272CFEECFE00E5EEB3 /* UserPresenter.m */ = {isa = PBXFileReference; lastKnownFileType = sourcecode.c.objc; path = UserPresenter.m; sourceTree = "<group>"; };
		A0E329292CFEED6300E5EEB3 /* UserViewProtocol.h */ = {isa = PBXFileReference; lastKnownFileType = sourcecode.c.h; path = UserViewProtocol.h; sourceTree = "<group>"; };
		A0E3292A2CFF08F400E5EEB3 /* MVPDemoModel.h */ = {isa = PBXFileReference; lastKnownFileType = sourcecode.c.h; path = MVPDemoModel.h; sourceTree = "<group>"; };
		A0E3292B2CFF08F400E5EEB3 /* MVPDemoModel.m */ = {isa = PBXFileReference; lastKnownFileType = sourcecode.c.objc; path = MVPDemoModel.m; sourceTree = "<group>"; };
		A0E3292D2CFF09A200E5EEB3 /* MVPTableViewCell.h */ = {isa = PBXFileReference; lastKnownFileType = sourcecode.c.h; path = MVPTableViewCell.h; sourceTree = "<group>"; };
		A0E3292E2CFF09A200E5EEB3 /* MVPTableViewCell.m */ = {isa = PBXFileReference; lastKnownFileType = sourcecode.c.objc; path = MVPTableViewCell.m; sourceTree = "<group>"; };
		A0E329302CFF09C200E5EEB3 /* MVPViewController.h */ = {isa = PBXFileReference; lastKnownFileType = sourcecode.c.h; path = MVPViewController.h; sourceTree = "<group>"; };
		A0E329312CFF09C200E5EEB3 /* MVPViewController.m */ = {isa = PBXFileReference; lastKnownFileType = sourcecode.c.objc; path = MVPViewController.m; sourceTree = "<group>"; };
		A0E329332CFF09D900E5EEB3 /* MVPPresenter.h */ = {isa = PBXFileReference; lastKnownFileType = sourcecode.c.h; path = MVPPresenter.h; sourceTree = "<group>"; };
		A0E329342CFF09D900E5EEB3 /* MVPPresenter.m */ = {isa = PBXFileReference; lastKnownFileType = sourcecode.c.objc; path = MVPPresenter.m; sourceTree = "<group>"; };
		A0E329362CFF0EF300E5EEB3 /* MVPTableViewCellProtocol.h */ = {isa = PBXFileReference; lastKnownFileType = sourcecode.c.h; path = MVPTableViewCellProtocol.h; sourceTree = "<group>"; };
		A0E329372CFF20EA00E5EEB3 /* MVPViewProtocol.h */ = {isa = PBXFileReference; lastKnownFileType = sourcecode.c.h; path = MVPViewProtocol.h; sourceTree = "<group>"; };
/* End PBXFileReference section */

/* Begin PBXFrameworksBuildPhase section */
		A0E328BB2CDB3E7F00E5EEB3 /* Frameworks */ = {
			isa = PBXFrameworksBuildPhase;
			buildActionMask = 2147483647;
			files = (
			);
			runOnlyForDeploymentPostprocessing = 0;
		};
		A0E328D92CDB3E8000E5EEB3 /* Frameworks */ = {
			isa = PBXFrameworksBuildPhase;
			buildActionMask = 2147483647;
			files = (
			);
			runOnlyForDeploymentPostprocessing = 0;
		};
		A0E328E32CDB3E8000E5EEB3 /* Frameworks */ = {
			isa = PBXFrameworksBuildPhase;
			buildActionMask = 2147483647;
			files = (
			);
			runOnlyForDeploymentPostprocessing = 0;
		};
/* End PBXFrameworksBuildPhase section */

/* Begin PBXGroup section */
		A0E328B52CDB3E7F00E5EEB3 = {
			isa = PBXGroup;
			children = (
				A0E328FC2CDB3F8E00E5EEB3 /* Git基础知识 */,
				A0E328FA2CDB3F5100E5EEB3 /* IOS面试准备 */,
				A0E328C02CDB3E7F00E5EEB3 /* IOSInterViewApp */,
				A0E328DF2CDB3E8000E5EEB3 /* IOSInterViewAppTests */,
				A0E328E92CDB3E8000E5EEB3 /* IOSInterViewAppUITests */,
				A0E328BF2CDB3E7F00E5EEB3 /* Products */,
			);
			sourceTree = "<group>";
		};
		A0E328BF2CDB3E7F00E5EEB3 /* Products */ = {
			isa = PBXGroup;
			children = (
				A0E328BE2CDB3E7F00E5EEB3 /* IOSInterViewApp.app */,
				A0E328DC2CDB3E8000E5EEB3 /* IOSInterViewAppTests.xctest */,
				A0E328E62CDB3E8000E5EEB3 /* IOSInterViewAppUITests.xctest */,
			);
			name = Products;
			sourceTree = "<group>";
		};
		A0E328C02CDB3E7F00E5EEB3 /* IOSInterViewApp */ = {
			isa = PBXGroup;
			children = (
				A0E328C12CDB3E7F00E5EEB3 /* AppDelegate.h */,
				A0E328C22CDB3E7F00E5EEB3 /* AppDelegate.m */,
				A0E328C42CDB3E7F00E5EEB3 /* SceneDelegate.h */,
				A0E328C52CDB3E7F00E5EEB3 /* SceneDelegate.m */,
				A0E328C72CDB3E7F00E5EEB3 /* ViewController.h */,
				A0E328C82CDB3E7F00E5EEB3 /* ViewController.m */,
				A0E328CA2CDB3E7F00E5EEB3 /* Main.storyboard */,
				A0E328D02CDB3E7F00E5EEB3 /* Assets.xcassets */,
				A0E328D22CDB3E7F00E5EEB3 /* LaunchScreen.storyboard */,
				A0E328D52CDB3E7F00E5EEB3 /* Info.plist */,
				A0E328D62CDB3E7F00E5EEB3 /* main.m */,
				A0E328CD2CDB3E7F00E5EEB3 /* IOSInterViewApp.xcdatamodeld */,
			);
			path = IOSInterViewApp;
			sourceTree = "<group>";
		};
		A0E328DF2CDB3E8000E5EEB3 /* IOSInterViewAppTests */ = {
			isa = PBXGroup;
			children = (
				A0E328E02CDB3E8000E5EEB3 /* IOSInterViewAppTests.m */,
			);
			path = IOSInterViewAppTests;
			sourceTree = "<group>";
		};
		A0E328E92CDB3E8000E5EEB3 /* IOSInterViewAppUITests */ = {
			isa = PBXGroup;
			children = (
				A0E328EA2CDB3E8000E5EEB3 /* IOSInterViewAppUITests.m */,
				A0E328EC2CDB3E8000E5EEB3 /* IOSInterViewAppUITestsLaunchTests.m */,
			);
			path = IOSInterViewAppUITests;
			sourceTree = "<group>";
		};
		A0E328FA2CDB3F5100E5EEB3 /* IOS面试准备 */ = {
			isa = PBXGroup;
			children = (
				A0E328FE2CFE8BDF00E5EEB3 /* 设计模式 */,
			);
			path = "IOS面试准备";
			sourceTree = "<group>";
		};
		A0E328FC2CDB3F8E00E5EEB3 /* Git基础知识 */ = {
			isa = PBXGroup;
			children = (
				A0E328FD2CDB3FBA00E5EEB3 /* git基础知识.md */,
			);
			path = "Git基础知识";
			sourceTree = "<group>";
		};
		A0E328FE2CFE8BDF00E5EEB3 /* 设计模式 */ = {
			isa = PBXGroup;
			children = (
				A0E3291A2CFECB6200E5EEB3 /* MVP */,
				A0E328FF2CFE8BEB00E5EEB3 /* MVC */,
			);
			path = "设计模式";
			sourceTree = "<group>";
		};
		A0E328FF2CFE8BEB00E5EEB3 /* MVC */ = {
			isa = PBXGroup;
			children = (
				A0E329182CFECB0C00E5EEB3 /* 传统的MVC.jpg */,
				A0E329162CFECAF400E5EEB3 /* iOS实际的MVC.jpg */,
				A0E329152CFEC44200E5EEB3 /* Models */,
				A0E329142CFEC43D00E5EEB3 /* Views */,
				A0E329132CFEC43400E5EEB3 /* Controllers */,
				A0E329122CFEC33C00E5EEB3 /* MVC.readme.md */,
			);
			path = MVC;
			sourceTree = "<group>";
		};
		A0E329132CFEC43400E5EEB3 /* Controllers */ = {
			isa = PBXGroup;
			children = (
				A0E329032CFE8C5D00E5EEB3 /* MVCViewController.h */,
				A0E329042CFE8C5D00E5EEB3 /* MVCViewController.m */,
			);
			path = Controllers;
			sourceTree = "<group>";
		};
		A0E329142CFEC43D00E5EEB3 /* Views */ = {
			isa = PBXGroup;
			children = (
				A0E3290C2CFE8DE200E5EEB3 /* MVCTableViewCell.h */,
				A0E3290D2CFE8DE200E5EEB3 /* MVCTableViewCell.m */,
			);
			path = Views;
			sourceTree = "<group>";
		};
		A0E329152CFEC44200E5EEB3 /* Models */ = {
			isa = PBXGroup;
			children = (
				A0E329002CFE8C2C00E5EEB3 /* MVCDemoModel.m */,
				A0E329022CFE8C4700E5EEB3 /* MVCDemoModel.h */,
			);
			path = Models;
			sourceTree = "<group>";
		};
		A0E3291A2CFECB6200E5EEB3 /* MVP */ = {
			isa = PBXGroup;
			children = (
				A0E329222CFEE9AD00E5EEB3 /* Views */,
				A0E3291E2CFEE85800E5EEB3 /* Presenters */,
				A0E3291D2CFEE85100E5EEB3 /* Models */,
				A0E3291B2CFECF5F00E5EEB3 /* MVP.readme.md */,
			);
			path = MVP;
			sourceTree = "<group>";
		};
		A0E3291D2CFEE85100E5EEB3 /* Models */ = {
			isa = PBXGroup;
			children = (
				A0E3291F2CFEE88B00E5EEB3 /* UserModel.h */,
				A0E329202CFEE88B00E5EEB3 /* UserModel.m */,
				A0E3292A2CFF08F400E5EEB3 /* MVPDemoModel.h */,
				A0E3292B2CFF08F400E5EEB3 /* MVPDemoModel.m */,
			);
			path = Models;
			sourceTree = "<group>";
		};
		A0E3291E2CFEE85800E5EEB3 /* Presenters */ = {
			isa = PBXGroup;
			children = (
				A0E329262CFEECFE00E5EEB3 /* UserPresenter.h */,
				A0E329272CFEECFE00E5EEB3 /* UserPresenter.m */,
				A0E329332CFF09D900E5EEB3 /* MVPPresenter.h */,
				A0E329342CFF09D900E5EEB3 /* MVPPresenter.m */,
			);
			path = Presenters;
			sourceTree = "<group>";
		};
		A0E329222CFEE9AD00E5EEB3 /* Views */ = {
			isa = PBXGroup;
			children = (
				A0E329232CFEEA7C00E5EEB3 /* UserViewController.h */,
				A0E329242CFEEA7C00E5EEB3 /* UserViewController.m */,
				A0E329292CFEED6300E5EEB3 /* UserViewProtocol.h */,
				A0E3292D2CFF09A200E5EEB3 /* MVPTableViewCell.h */,
				A0E3292E2CFF09A200E5EEB3 /* MVPTableViewCell.m */,
				A0E329302CFF09C200E5EEB3 /* MVPViewController.h */,
				A0E329312CFF09C200E5EEB3 /* MVPViewController.m */,
				A0E329362CFF0EF300E5EEB3 /* MVPTableViewCellProtocol.h */,
				A0E329372CFF20EA00E5EEB3 /* MVPViewProtocol.h */,
			);
			path = Views;
			sourceTree = "<group>";
		};
/* End PBXGroup section */

/* Begin PBXNativeTarget section */
		A0E328BD2CDB3E7F00E5EEB3 /* IOSInterViewApp */ = {
			isa = PBXNativeTarget;
			buildConfigurationList = A0E328F02CDB3E8000E5EEB3 /* Build configuration list for PBXNativeTarget "IOSInterViewApp" */;
			buildPhases = (
				A0E328BA2CDB3E7F00E5EEB3 /* Sources */,
				A0E328BB2CDB3E7F00E5EEB3 /* Frameworks */,
				A0E328BC2CDB3E7F00E5EEB3 /* Resources */,
			);
			buildRules = (
			);
			dependencies = (
			);
			name = IOSInterViewApp;
			productName = IOSInterViewApp;
			productReference = A0E328BE2CDB3E7F00E5EEB3 /* IOSInterViewApp.app */;
			productType = "com.apple.product-type.application";
		};
		A0E328DB2CDB3E8000E5EEB3 /* IOSInterViewAppTests */ = {
			isa = PBXNativeTarget;
			buildConfigurationList = A0E328F32CDB3E8000E5EEB3 /* Build configuration list for PBXNativeTarget "IOSInterViewAppTests" */;
			buildPhases = (
				A0E328D82CDB3E8000E5EEB3 /* Sources */,
				A0E328D92CDB3E8000E5EEB3 /* Frameworks */,
				A0E328DA2CDB3E8000E5EEB3 /* Resources */,
			);
			buildRules = (
			);
			dependencies = (
				A0E328DE2CDB3E8000E5EEB3 /* PBXTargetDependency */,
			);
			name = IOSInterViewAppTests;
			productName = IOSInterViewAppTests;
			productReference = A0E328DC2CDB3E8000E5EEB3 /* IOSInterViewAppTests.xctest */;
			productType = "com.apple.product-type.bundle.unit-test";
		};
		A0E328E52CDB3E8000E5EEB3 /* IOSInterViewAppUITests */ = {
			isa = PBXNativeTarget;
			buildConfigurationList = A0E328F62CDB3E8000E5EEB3 /* Build configuration list for PBXNativeTarget "IOSInterViewAppUITests" */;
			buildPhases = (
				A0E328E22CDB3E8000E5EEB3 /* Sources */,
				A0E328E32CDB3E8000E5EEB3 /* Frameworks */,
				A0E328E42CDB3E8000E5EEB3 /* Resources */,
			);
			buildRules = (
			);
			dependencies = (
				A0E328E82CDB3E8000E5EEB3 /* PBXTargetDependency */,
			);
			name = IOSInterViewAppUITests;
			productName = IOSInterViewAppUITests;
			productReference = A0E328E62CDB3E8000E5EEB3 /* IOSInterViewAppUITests.xctest */;
			productType = "com.apple.product-type.bundle.ui-testing";
		};
/* End PBXNativeTarget section */

/* Begin PBXProject section */
		A0E328B62CDB3E7F00E5EEB3 /* Project object */ = {
			isa = PBXProject;
			attributes = {
				BuildIndependentTargetsInParallel = 1;
				LastUpgradeCheck = 1430;
				TargetAttributes = {
					A0E328BD2CDB3E7F00E5EEB3 = {
						CreatedOnToolsVersion = 14.3.1;
					};
					A0E328DB2CDB3E8000E5EEB3 = {
						CreatedOnToolsVersion = 14.3.1;
						TestTargetID = A0E328BD2CDB3E7F00E5EEB3;
					};
					A0E328E52CDB3E8000E5EEB3 = {
						CreatedOnToolsVersion = 14.3.1;
						TestTargetID = A0E328BD2CDB3E7F00E5EEB3;
					};
				};
			};
			buildConfigurationList = A0E328B92CDB3E7F00E5EEB3 /* Build configuration list for PBXProject "IOSInterViewApp" */;
			compatibilityVersion = "Xcode 14.0";
			developmentRegion = en;
			hasScannedForEncodings = 0;
			knownRegions = (
				en,
				Base,
			);
			mainGroup = A0E328B52CDB3E7F00E5EEB3;
			productRefGroup = A0E328BF2CDB3E7F00E5EEB3 /* Products */;
			projectDirPath = "";
			projectRoot = "";
			targets = (
				A0E328BD2CDB3E7F00E5EEB3 /* IOSInterViewApp */,
				A0E328DB2CDB3E8000E5EEB3 /* IOSInterViewAppTests */,
				A0E328E52CDB3E8000E5EEB3 /* IOSInterViewAppUITests */,
			);
		};
/* End PBXProject section */

/* Begin PBXResourcesBuildPhase section */
		A0E328BC2CDB3E7F00E5EEB3 /* Resources */ = {
			isa = PBXResourcesBuildPhase;
			buildActionMask = 2147483647;
			files = (
				A0E329172CFECAF400E5EEB3 /* iOS实际的MVC.jpg in Resources */,
				A0E329192CFECB0C00E5EEB3 /* 传统的MVC.jpg in Resources */,
				A0E328D42CDB3E7F00E5EEB3 /* LaunchScreen.storyboard in Resources */,
				A0E328D12CDB3E7F00E5EEB3 /* Assets.xcassets in Resources */,
				A0E328CC2CDB3E7F00E5EEB3 /* Main.storyboard in Resources */,
			);
			runOnlyForDeploymentPostprocessing = 0;
		};
		A0E328DA2CDB3E8000E5EEB3 /* Resources */ = {
			isa = PBXResourcesBuildPhase;
			buildActionMask = 2147483647;
			files = (
			);
			runOnlyForDeploymentPostprocessing = 0;
		};
		A0E328E42CDB3E8000E5EEB3 /* Resources */ = {
			isa = PBXResourcesBuildPhase;
			buildActionMask = 2147483647;
			files = (
			);
			runOnlyForDeploymentPostprocessing = 0;
		};
/* End PBXResourcesBuildPhase section */

/* Begin PBXSourcesBuildPhase section */
		A0E328BA2CDB3E7F00E5EEB3 /* Sources */ = {
			isa = PBXSourcesBuildPhase;
			buildActionMask = 2147483647;
			files = (
				A0E328D72CDB3E7F00E5EEB3 /* main.m in Sources */,
				A0E329282CFEECFE00E5EEB3 /* UserPresenter.m in Sources */,
				A0E329252CFEEA7C00E5EEB3 /* UserViewController.m in Sources */,
				A0E328C92CDB3E7F00E5EEB3 /* ViewController.m in Sources */,
				A0E328CF2CDB3E7F00E5EEB3 /* IOSInterViewApp.xcdatamodeld in Sources */,
				A0E328C32CDB3E7F00E5EEB3 /* AppDelegate.m in Sources */,
				A0E329322CFF09C200E5EEB3 /* MVPViewController.m in Sources */,
				A0E3292C2CFF08F400E5EEB3 /* MVPDemoModel.m in Sources */,
				A0E328C62CDB3E7F00E5EEB3 /* SceneDelegate.m in Sources */,
				A0E3290E2CFE8DE200E5EEB3 /* MVCTableViewCell.m in Sources */,
				A0E3292F2CFF09A200E5EEB3 /* MVPTableViewCell.m in Sources */,
				A0E329012CFE8C2C00E5EEB3 /* MVCDemoModel.m in Sources */,
				A0E329352CFF09D900E5EEB3 /* MVPPresenter.m in Sources */,
				A0E329052CFE8C5D00E5EEB3 /* MVCViewController.m in Sources */,
				A0E329212CFEE88B00E5EEB3 /* UserModel.m in Sources */,
			);
			runOnlyForDeploymentPostprocessing = 0;
		};
		A0E328D82CDB3E8000E5EEB3 /* Sources */ = {
			isa = PBXSourcesBuildPhase;
			buildActionMask = 2147483647;
			files = (
				A0E328E12CDB3E8000E5EEB3 /* IOSInterViewAppTests.m in Sources */,
			);
			runOnlyForDeploymentPostprocessing = 0;
		};
		A0E328E22CDB3E8000E5EEB3 /* Sources */ = {
			isa = PBXSourcesBuildPhase;
			buildActionMask = 2147483647;
			files = (
				A0E328ED2CDB3E8000E5EEB3 /* IOSInterViewAppUITestsLaunchTests.m in Sources */,
				A0E328EB2CDB3E8000E5EEB3 /* IOSInterViewAppUITests.m in Sources */,
			);
			runOnlyForDeploymentPostprocessing = 0;
		};
/* End PBXSourcesBuildPhase section */

/* Begin PBXTargetDependency section */
		A0E328DE2CDB3E8000E5EEB3 /* PBXTargetDependency */ = {
			isa = PBXTargetDependency;
			target = A0E328BD2CDB3E7F00E5EEB3 /* IOSInterViewApp */;
			targetProxy = A0E328DD2CDB3E8000E5EEB3 /* PBXContainerItemProxy */;
		};
		A0E328E82CDB3E8000E5EEB3 /* PBXTargetDependency */ = {
			isa = PBXTargetDependency;
			target = A0E328BD2CDB3E7F00E5EEB3 /* IOSInterViewApp */;
			targetProxy = A0E328E72CDB3E8000E5EEB3 /* PBXContainerItemProxy */;
		};
/* End PBXTargetDependency section */

/* Begin PBXVariantGroup section */
		A0E328CA2CDB3E7F00E5EEB3 /* Main.storyboard */ = {
			isa = PBXVariantGroup;
			children = (
				A0E328CB2CDB3E7F00E5EEB3 /* Base */,
			);
			name = Main.storyboard;
			sourceTree = "<group>";
		};
		A0E328D22CDB3E7F00E5EEB3 /* LaunchScreen.storyboard */ = {
			isa = PBXVariantGroup;
			children = (
				A0E328D32CDB3E7F00E5EEB3 /* Base */,
			);
			name = LaunchScreen.storyboard;
			sourceTree = "<group>";
		};
/* End PBXVariantGroup section */

/* Begin XCBuildConfiguration section */
		A0E328EE2CDB3E8000E5EEB3 /* Debug */ = {
			isa = XCBuildConfiguration;
			buildSettings = {
				ALWAYS_SEARCH_USER_PATHS = NO;
				CLANG_ANALYZER_NONNULL = YES;
				CLANG_ANALYZER_NUMBER_OBJECT_CONVERSION = YES_AGGRESSIVE;
				CLANG_CXX_LANGUAGE_STANDARD = "gnu++20";
				CLANG_ENABLE_MODULES = YES;
				CLANG_ENABLE_OBJC_ARC = YES;
				CLANG_ENABLE_OBJC_WEAK = YES;
				CLANG_WARN_BLOCK_CAPTURE_AUTORELEASING = YES;
				CLANG_WARN_BOOL_CONVERSION = YES;
				CLANG_WARN_COMMA = YES;
				CLANG_WARN_CONSTANT_CONVERSION = YES;
				CLANG_WARN_DEPRECATED_OBJC_IMPLEMENTATIONS = YES;
				CLANG_WARN_DIRECT_OBJC_ISA_USAGE = YES_ERROR;
				CLANG_WARN_DOCUMENTATION_COMMENTS = YES;
				CLANG_WARN_EMPTY_BODY = YES;
				CLANG_WARN_ENUM_CONVERSION = YES;
				CLANG_WARN_INFINITE_RECURSION = YES;
				CLANG_WARN_INT_CONVERSION = YES;
				CLANG_WARN_NON_LITERAL_NULL_CONVERSION = YES;
				CLANG_WARN_OBJC_IMPLICIT_RETAIN_SELF = YES;
				CLANG_WARN_OBJC_LITERAL_CONVERSION = YES;
				CLANG_WARN_OBJC_ROOT_CLASS = YES_ERROR;
				CLANG_WARN_QUOTED_INCLUDE_IN_FRAMEWORK_HEADER = YES;
				CLANG_WARN_RANGE_LOOP_ANALYSIS = YES;
				CLANG_WARN_STRICT_PROTOTYPES = YES;
				CLANG_WARN_SUSPICIOUS_MOVE = YES;
				CLANG_WARN_UNGUARDED_AVAILABILITY = YES_AGGRESSIVE;
				CLANG_WARN_UNREACHABLE_CODE = YES;
				CLANG_WARN__DUPLICATE_METHOD_MATCH = YES;
				COPY_PHASE_STRIP = NO;
				DEBUG_INFORMATION_FORMAT = dwarf;
				ENABLE_STRICT_OBJC_MSGSEND = YES;
				ENABLE_TESTABILITY = YES;
				GCC_C_LANGUAGE_STANDARD = gnu11;
				GCC_DYNAMIC_NO_PIC = NO;
				GCC_NO_COMMON_BLOCKS = YES;
				GCC_OPTIMIZATION_LEVEL = 0;
				GCC_PREPROCESSOR_DEFINITIONS = (
					"DEBUG=1",
					"$(inherited)",
				);
				GCC_WARN_64_TO_32_BIT_CONVERSION = YES;
				GCC_WARN_ABOUT_RETURN_TYPE = YES_ERROR;
				GCC_WARN_UNDECLARED_SELECTOR = YES;
				GCC_WARN_UNINITIALIZED_AUTOS = YES_AGGRESSIVE;
				GCC_WARN_UNUSED_FUNCTION = YES;
				GCC_WARN_UNUSED_VARIABLE = YES;
				IPHONEOS_DEPLOYMENT_TARGET = 16.4;
				MTL_ENABLE_DEBUG_INFO = INCLUDE_SOURCE;
				MTL_FAST_MATH = YES;
				ONLY_ACTIVE_ARCH = YES;
				SDKROOT = iphoneos;
			};
			name = Debug;
		};
		A0E328EF2CDB3E8000E5EEB3 /* Release */ = {
			isa = XCBuildConfiguration;
			buildSettings = {
				ALWAYS_SEARCH_USER_PATHS = NO;
				CLANG_ANALYZER_NONNULL = YES;
				CLANG_ANALYZER_NUMBER_OBJECT_CONVERSION = YES_AGGRESSIVE;
				CLANG_CXX_LANGUAGE_STANDARD = "gnu++20";
				CLANG_ENABLE_MODULES = YES;
				CLANG_ENABLE_OBJC_ARC = YES;
				CLANG_ENABLE_OBJC_WEAK = YES;
				CLANG_WARN_BLOCK_CAPTURE_AUTORELEASING = YES;
				CLANG_WARN_BOOL_CONVERSION = YES;
				CLANG_WARN_COMMA = YES;
				CLANG_WARN_CONSTANT_CONVERSION = YES;
				CLANG_WARN_DEPRECATED_OBJC_IMPLEMENTATIONS = YES;
				CLANG_WARN_DIRECT_OBJC_ISA_USAGE = YES_ERROR;
				CLANG_WARN_DOCUMENTATION_COMMENTS = YES;
				CLANG_WARN_EMPTY_BODY = YES;
				CLANG_WARN_ENUM_CONVERSION = YES;
				CLANG_WARN_INFINITE_RECURSION = YES;
				CLANG_WARN_INT_CONVERSION = YES;
				CLANG_WARN_NON_LITERAL_NULL_CONVERSION = YES;
				CLANG_WARN_OBJC_IMPLICIT_RETAIN_SELF = YES;
				CLANG_WARN_OBJC_LITERAL_CONVERSION = YES;
				CLANG_WARN_OBJC_ROOT_CLASS = YES_ERROR;
				CLANG_WARN_QUOTED_INCLUDE_IN_FRAMEWORK_HEADER = YES;
				CLANG_WARN_RANGE_LOOP_ANALYSIS = YES;
				CLANG_WARN_STRICT_PROTOTYPES = YES;
				CLANG_WARN_SUSPICIOUS_MOVE = YES;
				CLANG_WARN_UNGUARDED_AVAILABILITY = YES_AGGRESSIVE;
				CLANG_WARN_UNREACHABLE_CODE = YES;
				CLANG_WARN__DUPLICATE_METHOD_MATCH = YES;
				COPY_PHASE_STRIP = NO;
				DEBUG_INFORMATION_FORMAT = "dwarf-with-dsym";
				ENABLE_NS_ASSERTIONS = NO;
				ENABLE_STRICT_OBJC_MSGSEND = YES;
				GCC_C_LANGUAGE_STANDARD = gnu11;
				GCC_NO_COMMON_BLOCKS = YES;
				GCC_WARN_64_TO_32_BIT_CONVERSION = YES;
				GCC_WARN_ABOUT_RETURN_TYPE = YES_ERROR;
				GCC_WARN_UNDECLARED_SELECTOR = YES;
				GCC_WARN_UNINITIALIZED_AUTOS = YES_AGGRESSIVE;
				GCC_WARN_UNUSED_FUNCTION = YES;
				GCC_WARN_UNUSED_VARIABLE = YES;
				IPHONEOS_DEPLOYMENT_TARGET = 16.4;
				MTL_ENABLE_DEBUG_INFO = NO;
				MTL_FAST_MATH = YES;
				SDKROOT = iphoneos;
				VALIDATE_PRODUCT = YES;
			};
			name = Release;
		};
		A0E328F12CDB3E8000E5EEB3 /* Debug */ = {
			isa = XCBuildConfiguration;
			buildSettings = {
				ASSETCATALOG_COMPILER_APPICON_NAME = AppIcon;
				ASSETCATALOG_COMPILER_GLOBAL_ACCENT_COLOR_NAME = AccentColor;
				CODE_SIGN_STYLE = Automatic;
				CURRENT_PROJECT_VERSION = 1;
				DEVELOPMENT_TEAM = Q798TC6D2D;
				GENERATE_INFOPLIST_FILE = YES;
				INFOPLIST_FILE = IOSInterViewApp/Info.plist;
				INFOPLIST_KEY_UIApplicationSupportsIndirectInputEvents = YES;
				INFOPLIST_KEY_UILaunchStoryboardName = LaunchScreen;
				INFOPLIST_KEY_UIMainStoryboardFile = Main;
				INFOPLIST_KEY_UISupportedInterfaceOrientations_iPad = "UIInterfaceOrientationPortrait UIInterfaceOrientationPortraitUpsideDown UIInterfaceOrientationLandscapeLeft UIInterfaceOrientationLandscapeRight";
				INFOPLIST_KEY_UISupportedInterfaceOrientations_iPhone = "UIInterfaceOrientationPortrait UIInterfaceOrientationLandscapeLeft UIInterfaceOrientationLandscapeRight";
				LD_RUNPATH_SEARCH_PATHS = (
					"$(inherited)",
					"@executable_path/Frameworks",
				);
				MARKETING_VERSION = 1.0;
				PRODUCT_BUNDLE_IDENTIFIER = omo.IOSInterViewApp;
				PRODUCT_NAME = "$(TARGET_NAME)";
				SWIFT_EMIT_LOC_STRINGS = YES;
				TARGETED_DEVICE_FAMILY = "1,2";
			};
			name = Debug;
		};
		A0E328F22CDB3E8000E5EEB3 /* Release */ = {
			isa = XCBuildConfiguration;
			buildSettings = {
				ASSETCATALOG_COMPILER_APPICON_NAME = AppIcon;
				ASSETCATALOG_COMPILER_GLOBAL_ACCENT_COLOR_NAME = AccentColor;
				CODE_SIGN_STYLE = Automatic;
				CURRENT_PROJECT_VERSION = 1;
				DEVELOPMENT_TEAM = Q798TC6D2D;
				GENERATE_INFOPLIST_FILE = YES;
				INFOPLIST_FILE = IOSInterViewApp/Info.plist;
				INFOPLIST_KEY_UIApplicationSupportsIndirectInputEvents = YES;
				INFOPLIST_KEY_UILaunchStoryboardName = LaunchScreen;
				INFOPLIST_KEY_UIMainStoryboardFile = Main;
				INFOPLIST_KEY_UISupportedInterfaceOrientations_iPad = "UIInterfaceOrientationPortrait UIInterfaceOrientationPortraitUpsideDown UIInterfaceOrientationLandscapeLeft UIInterfaceOrientationLandscapeRight";
				INFOPLIST_KEY_UISupportedInterfaceOrientations_iPhone = "UIInterfaceOrientationPortrait UIInterfaceOrientationLandscapeLeft UIInterfaceOrientationLandscapeRight";
				LD_RUNPATH_SEARCH_PATHS = (
					"$(inherited)",
					"@executable_path/Frameworks",
				);
				MARKETING_VERSION = 1.0;
				PRODUCT_BUNDLE_IDENTIFIER = omo.IOSInterViewApp;
				PRODUCT_NAME = "$(TARGET_NAME)";
				SWIFT_EMIT_LOC_STRINGS = YES;
				TARGETED_DEVICE_FAMILY = "1,2";
			};
			name = Release;
		};
		A0E328F42CDB3E8000E5EEB3 /* Debug */ = {
			isa = XCBuildConfiguration;
			buildSettings = {
				BUNDLE_LOADER = "$(TEST_HOST)";
				CODE_SIGN_STYLE = Automatic;
				CURRENT_PROJECT_VERSION = 1;
				DEVELOPMENT_TEAM = Q798TC6D2D;
				GENERATE_INFOPLIST_FILE = YES;
				IPHONEOS_DEPLOYMENT_TARGET = 16.4;
				MARKETING_VERSION = 1.0;
				PRODUCT_BUNDLE_IDENTIFIER = omo.IOSInterViewAppTests;
				PRODUCT_NAME = "$(TARGET_NAME)";
				SWIFT_EMIT_LOC_STRINGS = NO;
				TARGETED_DEVICE_FAMILY = "1,2";
				TEST_HOST = "$(BUILT_PRODUCTS_DIR)/IOSInterViewApp.app/$(BUNDLE_EXECUTABLE_FOLDER_PATH)/IOSInterViewApp";
			};
			name = Debug;
		};
		A0E328F52CDB3E8000E5EEB3 /* Release */ = {
			isa = XCBuildConfiguration;
			buildSettings = {
				BUNDLE_LOADER = "$(TEST_HOST)";
				CODE_SIGN_STYLE = Automatic;
				CURRENT_PROJECT_VERSION = 1;
				DEVELOPMENT_TEAM = Q798TC6D2D;
				GENERATE_INFOPLIST_FILE = YES;
				IPHONEOS_DEPLOYMENT_TARGET = 16.4;
				MARKETING_VERSION = 1.0;
				PRODUCT_BUNDLE_IDENTIFIER = omo.IOSInterViewAppTests;
				PRODUCT_NAME = "$(TARGET_NAME)";
				SWIFT_EMIT_LOC_STRINGS = NO;
				TARGETED_DEVICE_FAMILY = "1,2";
				TEST_HOST = "$(BUILT_PRODUCTS_DIR)/IOSInterViewApp.app/$(BUNDLE_EXECUTABLE_FOLDER_PATH)/IOSInterViewApp";
			};
			name = Release;
		};
		A0E328F72CDB3E8000E5EEB3 /* Debug */ = {
			isa = XCBuildConfiguration;
			buildSettings = {
				CODE_SIGN_STYLE = Automatic;
				CURRENT_PROJECT_VERSION = 1;
				DEVELOPMENT_TEAM = Q798TC6D2D;
				GENERATE_INFOPLIST_FILE = YES;
				MARKETING_VERSION = 1.0;
				PRODUCT_BUNDLE_IDENTIFIER = omo.IOSInterViewAppUITests;
				PRODUCT_NAME = "$(TARGET_NAME)";
				SWIFT_EMIT_LOC_STRINGS = NO;
				TARGETED_DEVICE_FAMILY = "1,2";
				TEST_TARGET_NAME = IOSInterViewApp;
			};
			name = Debug;
		};
		A0E328F82CDB3E8000E5EEB3 /* Release */ = {
			isa = XCBuildConfiguration;
			buildSettings = {
				CODE_SIGN_STYLE = Automatic;
				CURRENT_PROJECT_VERSION = 1;
				DEVELOPMENT_TEAM = Q798TC6D2D;
				GENERATE_INFOPLIST_FILE = YES;
				MARKETING_VERSION = 1.0;
				PRODUCT_BUNDLE_IDENTIFIER = omo.IOSInterViewAppUITests;
				PRODUCT_NAME = "$(TARGET_NAME)";
				SWIFT_EMIT_LOC_STRINGS = NO;
				TARGETED_DEVICE_FAMILY = "1,2";
				TEST_TARGET_NAME = IOSInterViewApp;
			};
			name = Release;
		};
/* End XCBuildConfiguration section */

/* Begin XCConfigurationList section */
		A0E328B92CDB3E7F00E5EEB3 /* Build configuration list for PBXProject "IOSInterViewApp" */ = {
			isa = XCConfigurationList;
			buildConfigurations = (
				A0E328EE2CDB3E8000E5EEB3 /* Debug */,
				A0E328EF2CDB3E8000E5EEB3 /* Release */,
			);
			defaultConfigurationIsVisible = 0;
			defaultConfigurationName = Release;
		};
		A0E328F02CDB3E8000E5EEB3 /* Build configuration list for PBXNativeTarget "IOSInterViewApp" */ = {
			isa = XCConfigurationList;
			buildConfigurations = (
				A0E328F12CDB3E8000E5EEB3 /* Debug */,
				A0E328F22CDB3E8000E5EEB3 /* Release */,
			);
			defaultConfigurationIsVisible = 0;
			defaultConfigurationName = Release;
		};
		A0E328F32CDB3E8000E5EEB3 /* Build configuration list for PBXNativeTarget "IOSInterViewAppTests" */ = {
			isa = XCConfigurationList;
			buildConfigurations = (
				A0E328F42CDB3E8000E5EEB3 /* Debug */,
				A0E328F52CDB3E8000E5EEB3 /* Release */,
			);
			defaultConfigurationIsVisible = 0;
			defaultConfigurationName = Release;
		};
		A0E328F62CDB3E8000E5EEB3 /* Build configuration list for PBXNativeTarget "IOSInterViewAppUITests" */ = {
			isa = XCConfigurationList;
			buildConfigurations = (
				A0E328F72CDB3E8000E5EEB3 /* Debug */,
				A0E328F82CDB3E8000E5EEB3 /* Release */,
			);
			defaultConfigurationIsVisible = 0;
			defaultConfigurationName = Release;
		};
/* End XCConfigurationList section */

/* Begin XCVersionGroup section */
		A0E328CD2CDB3E7F00E5EEB3 /* IOSInterViewApp.xcdatamodeld */ = {
			isa = XCVersionGroup;
			children = (
				A0E328CE2CDB3E7F00E5EEB3 /* IOSInterViewApp.xcdatamodel */,
			);
			currentVersion = A0E328CE2CDB3E7F00E5EEB3 /* IOSInterViewApp.xcdatamodel */;
			path = IOSInterViewApp.xcdatamodeld;
			sourceTree = "<group>";
			versionGroupType = wrapper.xcdatamodel;
		};
/* End XCVersionGroup section */
	};
	rootObject = A0E328B62CDB3E7F00E5EEB3 /* Project object */;
}
